
Microsoft Visual Studio Solution File, Format Version 12.00
# Visual Studio 15
VisualStudioVersion = 15.0.28307.902
MinimumVisualStudioVersion = 10.0.40219.1
Project("{FAE04EC0-301F-11D3-BF4B-00C04F79EFBC}") = "PDFRipper", "PDFRipper\PDFRipper.csproj", "{0AEB7E5C-78E3-47A3-A777-0DA705793BB6}"
EndProject
Project("{FAE04EC0-301F-11D3-BF4B-00C04F79EFBC}") = "PDFRipper.UnitTests", "PDFRipper.Test\PDFRipper.UnitTests.csproj", "{7CB18B0D-F93B-48D1-B4A1-BC330381985D}"
EndProject
Global
	GlobalSection(SolutionConfigurationPlatforms) = preSolution
		Debug|Any CPU = Debug|Any CPU
		Release|Any CPU = Release|Any CPU
	EndGlobalSection
	GlobalSection(ProjectConfigurationPlatforms) = postSolution
		{0AEB7E5C-78E3-47A3-A777-0DA705793BB6}.Debug|Any CPU.ActiveCfg = Debug|Any CPU
		{0AEB7E5C-78E3-47A3-A777-0DA705793BB6}.Debug|Any CPU.Build.0 = Debug|Any CPU
		{0AEB7E5C-78E3-47A3-A777-0DA705793BB6}.Release|Any CPU.ActiveCfg = Release|Any CPU
		{0AEB7E5C-78E3-47A3-A777-0DA705793BB6}.Release|Any CPU.Build.0 = Release|Any CPU
		{7CB18B0D-F93B-48D1-B4A1-BC330381985D}.Debug|Any CPU.ActiveCfg = Debug|Any CPU
		{7CB18B0D-F93B-48D1-B4A1-BC330381985D}.Debug|Any CPU.Build.0 = Debug|Any CPU
		{7CB18B0D-F93B-48D1-B4A1-BC330381985D}.Release|Any CPU.ActiveCfg = Release|Any CPU
		{7CB18B0D-F93B-48D1-B4A1-BC330381985D}.Release|Any CPU.Build.0 = Release|Any CPU
	EndGlobalSection
	GlobalSection(SolutionProperties) = preSolution
		HideSolutionNode = FALSE
	EndGlobalSection
	GlobalSection(ExtensibilityGlobals) = postSolution
		SolutionGuid = {193D10AD-D4E6-4F0C-90EF-8ACB097DD6C2}
	EndGlobalSection
EndGlobal
